
Microsoft Visual Studio Solution File, Format Version 12.00
# Visual Studio Version 17
VisualStudioVersion = 17.0.32002.185
MinimumVisualStudioVersion = 10.0.40219.1
Project("{FAE04EC0-301F-11D3-BF4B-00C04F79EFBC}") = "Authentication", "Authentication\Authentication.csproj", "{ABF26743-5D70-4C38-91E5-6699EE3F708D}"
EndProject
Global
	GlobalSection(SolutionConfigurationPlatforms) = preSolution
		Debug|Any CPU = Debug|Any CPU
		Release|Any CPU = Release|Any CPU
	EndGlobalSection
	GlobalSection(ProjectConfigurationPlatforms) = postSolution
		{ABF26743-5D70-4C38-91E5-6699EE3F708D}.Debug|Any CPU.ActiveCfg = Debug|Any CPU
		{ABF26743-5D70-4C38-91E5-6699EE3F708D}.Debug|Any CPU.Build.0 = Debug|Any CPU
		{ABF26743-5D70-4C38-91E5-6699EE3F708D}.Release|Any CPU.ActiveCfg = Release|Any CPU
		{ABF26743-5D70-4C38-91E5-6699EE3F708D}.Release|Any CPU.Build.0 = Release|Any CPU
	EndGlobalSection
	GlobalSection(SolutionProperties) = preSolution
		HideSolutionNode = FALSE
	EndGlobalSection
	GlobalSection(ExtensibilityGlobals) = postSolution
		SolutionGuid = {693119DD-516B-47F2-917E-D73B276E779B}
	EndGlobalSection
EndGlobal
